{
  "name": "UnessayProject",
  "lockfileVersion": 3,
  "requires": true,
  "packages": {
    "": {
      "devDependencies": {
        "gojs": "^3.1.3"
      }
    },
    "node_modules/gojs": {
      "version": "3.1.3",
      "resolved": "https://registry.npmjs.org/gojs/-/gojs-3.1.3.tgz",
      "integrity": "sha512-n3yI5U4aL93cHig4/6p+wZvkqMoxxF/S74PYXBwlXBrmURkypLknp1YAB5IAu2CCs7TtauhPhjG/hea98qgIow==",
      "dev": true,
      "license": "SEE LICENSE IN license.html"
    }
  }
}
